
Microsoft Visual Studio Solution File, Format Version 12.00
# Visual Studio Version 16
VisualStudioVersion = 16.0.31005.135
MinimumVisualStudioVersion = 10.0.40219.1
Project("{9A19103F-16F7-4668-BE54-9A1E7A4F7556}") = "ЛР_1", "ЛР_1.csproj", "{128BC3F7-CDC2-4C84-A304-852D103B5788}"
EndProject
Project("{9A19103F-16F7-4668-BE54-9A1E7A4F7556}") = "ЛР_1.DAL", "..\ЛР_1.DAL\ЛР_1.DAL.csproj", "{2BDB3A73-7843-4396-B150-4D620082C7B3}"
EndProject
Project("{9A19103F-16F7-4668-BE54-9A1E7A4F7556}") = "ЛР_1.Tests", "..\ЛР_1.Tests\ЛР_1.Tests.csproj", "{F8521AB2-88E8-4EB8-B055-F6C417EE3B88}"
EndProject
Project("{FAE04EC0-301F-11D3-BF4B-00C04F79EFBC}") = "Blazor", "..\Blazor\Blazor.csproj", "{16E6FB19-D1BD-4BD5-93CD-6115AAAC5993}"
EndProject
Global
	GlobalSection(SolutionConfigurationPlatforms) = preSolution
		Debug|Any CPU = Debug|Any CPU
		Release|Any CPU = Release|Any CPU
	EndGlobalSection
	GlobalSection(ProjectConfigurationPlatforms) = postSolution
		{128BC3F7-CDC2-4C84-A304-852D103B5788}.Debug|Any CPU.ActiveCfg = Debug|Any CPU
		{128BC3F7-CDC2-4C84-A304-852D103B5788}.Debug|Any CPU.Build.0 = Debug|Any CPU
		{128BC3F7-CDC2-4C84-A304-852D103B5788}.Release|Any CPU.ActiveCfg = Release|Any CPU
		{128BC3F7-CDC2-4C84-A304-852D103B5788}.Release|Any CPU.Build.0 = Release|Any CPU
		{2BDB3A73-7843-4396-B150-4D620082C7B3}.Debug|Any CPU.ActiveCfg = Debug|Any CPU
		{2BDB3A73-7843-4396-B150-4D620082C7B3}.Debug|Any CPU.Build.0 = Debug|Any CPU
		{2BDB3A73-7843-4396-B150-4D620082C7B3}.Release|Any CPU.ActiveCfg = Release|Any CPU
		{2BDB3A73-7843-4396-B150-4D620082C7B3}.Release|Any CPU.Build.0 = Release|Any CPU
		{F8521AB2-88E8-4EB8-B055-F6C417EE3B88}.Debug|Any CPU.ActiveCfg = Debug|Any CPU
		{F8521AB2-88E8-4EB8-B055-F6C417EE3B88}.Debug|Any CPU.Build.0 = Debug|Any CPU
		{F8521AB2-88E8-4EB8-B055-F6C417EE3B88}.Release|Any CPU.ActiveCfg = Release|Any CPU
		{F8521AB2-88E8-4EB8-B055-F6C417EE3B88}.Release|Any CPU.Build.0 = Release|Any CPU
		{16E6FB19-D1BD-4BD5-93CD-6115AAAC5993}.Debug|Any CPU.ActiveCfg = Debug|Any CPU
		{16E6FB19-D1BD-4BD5-93CD-6115AAAC5993}.Debug|Any CPU.Build.0 = Debug|Any CPU
		{16E6FB19-D1BD-4BD5-93CD-6115AAAC5993}.Release|Any CPU.ActiveCfg = Release|Any CPU
		{16E6FB19-D1BD-4BD5-93CD-6115AAAC5993}.Release|Any CPU.Build.0 = Release|Any CPU
	EndGlobalSection
	GlobalSection(SolutionProperties) = preSolution
		HideSolutionNode = FALSE
	EndGlobalSection
	GlobalSection(ExtensibilityGlobals) = postSolution
		SolutionGuid = {023FDD17-CCAB-4D00-9B44-3B8EE4EB567D}
	EndGlobalSection
EndGlobal
